
Microsoft Visual Studio Solution File, Format Version 12.00
# Visual Studio Version 17
VisualStudioVersion = 17.14.36109.1 d17.14
MinimumVisualStudioVersion = 10.0.40219.1
Project("{FAE04EC0-301F-11D3-BF4B-00C04F79EFBC}") = "CinemaManagement", "CinemaManagement\CinemaManagement.csproj", "{06447101-887D-446F-8E4D-87D591ADA316}"
EndProject
Global
	GlobalSection(SolutionConfigurationPlatforms) = preSolution
		Debug|Any CPU = Debug|Any CPU
		Release|Any CPU = Release|Any CPU
	EndGlobalSection
	GlobalSection(ProjectConfigurationPlatforms) = postSolution
		{06447101-887D-446F-8E4D-87D591ADA316}.Debug|Any CPU.ActiveCfg = Debug|Any CPU
		{06447101-887D-446F-8E4D-87D591ADA316}.Debug|Any CPU.Build.0 = Debug|Any CPU
		{06447101-887D-446F-8E4D-87D591ADA316}.Release|Any CPU.ActiveCfg = Release|Any CPU
		{06447101-887D-446F-8E4D-87D591ADA316}.Release|Any CPU.Build.0 = Release|Any CPU
	EndGlobalSection
	GlobalSection(SolutionProperties) = preSolution
		HideSolutionNode = FALSE
	EndGlobalSection
	GlobalSection(ExtensibilityGlobals) = postSolution
		SolutionGuid = {E25329D5-8F22-4152-B87D-5DBA7BDB0EAE}
	EndGlobalSection
EndGlobal
