
Microsoft Visual Studio Solution File, Format Version 12.00
# Visual Studio Version 17
VisualStudioVersion = 17.14.36616.10 d17.14
MinimumVisualStudioVersion = 10.0.40219.1
Project("{FAE04EC0-301F-11D3-BF4B-00C04F79EFBC}") = "CinemaController", "CinemaController\CinemaController.csproj", "{E438C607-E9F1-41F6-BEF3-EBC9AE5BA961}"
EndProject
Global
	GlobalSection(SolutionConfigurationPlatforms) = preSolution
		Debug|Any CPU = Debug|Any CPU
		Release|Any CPU = Release|Any CPU
	EndGlobalSection
	GlobalSection(ProjectConfigurationPlatforms) = postSolution
		{E438C607-E9F1-41F6-BEF3-EBC9AE5BA961}.Debug|Any CPU.ActiveCfg = Debug|Any CPU
		{E438C607-E9F1-41F6-BEF3-EBC9AE5BA961}.Debug|Any CPU.Build.0 = Debug|Any CPU
		{E438C607-E9F1-41F6-BEF3-EBC9AE5BA961}.Release|Any CPU.ActiveCfg = Release|Any CPU
		{E438C607-E9F1-41F6-BEF3-EBC9AE5BA961}.Release|Any CPU.Build.0 = Release|Any CPU
	EndGlobalSection
	GlobalSection(SolutionProperties) = preSolution
		HideSolutionNode = FALSE
	EndGlobalSection
	GlobalSection(ExtensibilityGlobals) = postSolution
		SolutionGuid = {F8862CBB-0590-48C1-B3C5-1C207D81DFBE}
	EndGlobalSection
EndGlobal
